
Microsoft Visual Studio Solution File, Format Version 12.00
# Visual Studio Version 17
VisualStudioVersion = 17.5.33414.496
MinimumVisualStudioVersion = 10.0.40219.1
Project("{FAE04EC0-301F-11D3-BF4B-00C04F79EFBC}") = "TatBlog.Core", "TatBlog.Core\TatBlog.Core.csproj", "{72FF3312-6A33-45D8-9297-B3B35850A16F}"
EndProject
Project("{FAE04EC0-301F-11D3-BF4B-00C04F79EFBC}") = "TatBlog.Data", "..\TatBlog.Data\TatBlog.Data.csproj", "{71F890BA-7E92-4179-898E-2308D6536904}"
EndProject
Project("{FAE04EC0-301F-11D3-BF4B-00C04F79EFBC}") = "TatBlog.Services", "..\TatBlog.Services\TatBlog.Services.csproj", "{48674C0D-6680-4EF2-BD81-C715038CEB4C}"
EndProject
Project("{FAE04EC0-301F-11D3-BF4B-00C04F79EFBC}") = "TatBlog.WinApp", "..\TatBlog.WinApp\TatBlog.WinApp.csproj", "{49F6C8A2-E11C-483F-A383-FD53FC5A7A69}"
EndProject
Global
	GlobalSection(SolutionConfigurationPlatforms) = preSolution
		Debug|Any CPU = Debug|Any CPU
		Release|Any CPU = Release|Any CPU
	EndGlobalSection
	GlobalSection(ProjectConfigurationPlatforms) = postSolution
		{72FF3312-6A33-45D8-9297-B3B35850A16F}.Debug|Any CPU.ActiveCfg = Debug|Any CPU
		{72FF3312-6A33-45D8-9297-B3B35850A16F}.Debug|Any CPU.Build.0 = Debug|Any CPU
		{72FF3312-6A33-45D8-9297-B3B35850A16F}.Release|Any CPU.ActiveCfg = Release|Any CPU
		{72FF3312-6A33-45D8-9297-B3B35850A16F}.Release|Any CPU.Build.0 = Release|Any CPU
		{71F890BA-7E92-4179-898E-2308D6536904}.Debug|Any CPU.ActiveCfg = Debug|Any CPU
		{71F890BA-7E92-4179-898E-2308D6536904}.Debug|Any CPU.Build.0 = Debug|Any CPU
		{71F890BA-7E92-4179-898E-2308D6536904}.Release|Any CPU.ActiveCfg = Release|Any CPU
		{71F890BA-7E92-4179-898E-2308D6536904}.Release|Any CPU.Build.0 = Release|Any CPU
		{48674C0D-6680-4EF2-BD81-C715038CEB4C}.Debug|Any CPU.ActiveCfg = Debug|Any CPU
		{48674C0D-6680-4EF2-BD81-C715038CEB4C}.Debug|Any CPU.Build.0 = Debug|Any CPU
		{48674C0D-6680-4EF2-BD81-C715038CEB4C}.Release|Any CPU.ActiveCfg = Release|Any CPU
		{48674C0D-6680-4EF2-BD81-C715038CEB4C}.Release|Any CPU.Build.0 = Release|Any CPU
		{49F6C8A2-E11C-483F-A383-FD53FC5A7A69}.Debug|Any CPU.ActiveCfg = Debug|Any CPU
		{49F6C8A2-E11C-483F-A383-FD53FC5A7A69}.Debug|Any CPU.Build.0 = Debug|Any CPU
		{49F6C8A2-E11C-483F-A383-FD53FC5A7A69}.Release|Any CPU.ActiveCfg = Release|Any CPU
		{49F6C8A2-E11C-483F-A383-FD53FC5A7A69}.Release|Any CPU.Build.0 = Release|Any CPU
	EndGlobalSection
	GlobalSection(SolutionProperties) = preSolution
		HideSolutionNode = FALSE
	EndGlobalSection
	GlobalSection(ExtensibilityGlobals) = postSolution
		SolutionGuid = {7B1DB4E2-632B-4806-AFA9-F9ED047507F0}
	EndGlobalSection
EndGlobal
